
Microsoft Visual Studio Solution File, Format Version 12.00
# Visual Studio Version 16
VisualStudioVersion = 16.0.30114.105
MinimumVisualStudioVersion = 10.0.40219.1
Project("{FAE04EC0-301F-11D3-BF4B-00C04F79EFBC}") = "dotnet.DataAccess", "dotnet.DataAccess\dotnet.DataAccess.csproj", "{CC13A033-3867-4955-BED3-54290EF6C103}"
EndProject
Project("{FAE04EC0-301F-11D3-BF4B-00C04F79EFBC}") = "dotnet.Models", "dotnet.Models\dotnet.Models.csproj", "{2F469004-3E74-459C-9D80-3770C2D33420}"
EndProject
Project("{FAE04EC0-301F-11D3-BF4B-00C04F79EFBC}") = "dotnet.shop", "dotnet.shop\dotnet.shop.csproj", "{2DD9C7EE-8AE9-474C-8CA2-2696DB4064E9}"
EndProject
Project("{FAE04EC0-301F-11D3-BF4B-00C04F79EFBC}") = "dotnet.Utility", "dotnet.Utility\dotnet.Utility.csproj", "{73BE8729-4AEA-4620-B98E-28531658CD61}"
EndProject
Global
	GlobalSection(SolutionConfigurationPlatforms) = preSolution
		Debug|Any CPU = Debug|Any CPU
		Release|Any CPU = Release|Any CPU
	EndGlobalSection
	GlobalSection(SolutionProperties) = preSolution
		HideSolutionNode = FALSE
	EndGlobalSection
	GlobalSection(ProjectConfigurationPlatforms) = postSolution
		{CC13A033-3867-4955-BED3-54290EF6C103}.Debug|Any CPU.ActiveCfg = Debug|Any CPU
		{CC13A033-3867-4955-BED3-54290EF6C103}.Debug|Any CPU.Build.0 = Debug|Any CPU
		{CC13A033-3867-4955-BED3-54290EF6C103}.Release|Any CPU.ActiveCfg = Release|Any CPU
		{CC13A033-3867-4955-BED3-54290EF6C103}.Release|Any CPU.Build.0 = Release|Any CPU
		{2F469004-3E74-459C-9D80-3770C2D33420}.Debug|Any CPU.ActiveCfg = Debug|Any CPU
		{2F469004-3E74-459C-9D80-3770C2D33420}.Debug|Any CPU.Build.0 = Debug|Any CPU
		{2F469004-3E74-459C-9D80-3770C2D33420}.Release|Any CPU.ActiveCfg = Release|Any CPU
		{2F469004-3E74-459C-9D80-3770C2D33420}.Release|Any CPU.Build.0 = Release|Any CPU
		{2DD9C7EE-8AE9-474C-8CA2-2696DB4064E9}.Debug|Any CPU.ActiveCfg = Debug|Any CPU
		{2DD9C7EE-8AE9-474C-8CA2-2696DB4064E9}.Debug|Any CPU.Build.0 = Debug|Any CPU
		{2DD9C7EE-8AE9-474C-8CA2-2696DB4064E9}.Release|Any CPU.ActiveCfg = Release|Any CPU
		{2DD9C7EE-8AE9-474C-8CA2-2696DB4064E9}.Release|Any CPU.Build.0 = Release|Any CPU
		{73BE8729-4AEA-4620-B98E-28531658CD61}.Debug|Any CPU.ActiveCfg = Debug|Any CPU
		{73BE8729-4AEA-4620-B98E-28531658CD61}.Debug|Any CPU.Build.0 = Debug|Any CPU
		{73BE8729-4AEA-4620-B98E-28531658CD61}.Release|Any CPU.ActiveCfg = Release|Any CPU
		{73BE8729-4AEA-4620-B98E-28531658CD61}.Release|Any CPU.Build.0 = Release|Any CPU
	EndGlobalSection
EndGlobal
